// !$*UTF8*$!
{
	archiveVersion = 1;
	classes = {
	};
	objectVersion = 56;
	objects = {

/* Begin PBXBuildFile section */
		E87F64282B9EF1B700B66D14 /* Learn_by_DoingApp.swift in Sources */ = {isa = PBXBuildFile; fileRef = E87F64272B9EF1B700B66D14 /* Learn_by_DoingApp.swift */; };
		E87F642A2B9EF1B700B66D14 /* ContentView.swift in Sources */ = {isa = PBXBuildFile; fileRef = E87F64292B9EF1B700B66D14 /* ContentView.swift */; };
		E87F642C2B9EF1B900B66D14 /* Assets.xcassets in Resources */ = {isa = PBXBuildFile; fileRef = E87F642B2B9EF1B900B66D14 /* Assets.xcassets */; };
		E87F642F2B9EF1B900B66D14 /* Preview Assets.xcassets in Resources */ = {isa = PBXBuildFile; fileRef = E87F642E2B9EF1B900B66D14 /* Preview Assets.xcassets */; };
		E87F64362B9EF8AB00B66D14 /* Launch-Screen.storyboard in Resources */ = {isa = PBXBuildFile; fileRef = E87F64352B9EF8AB00B66D14 /* Launch-Screen.storyboard */; };
		E87F64392B9EFD2B00B66D14 /* CardView.swift in Sources */ = {isa = PBXBuildFile; fileRef = E87F64382B9EFD2B00B66D14 /* CardView.swift */; };
		E87F643B2B9F045A00B66D14 /* CardModel.swift in Sources */ = {isa = PBXBuildFile; fileRef = E87F643A2B9F045A00B66D14 /* CardModel.swift */; };
		E87F643D2B9F050B00B66D14 /* CardData.swift in Sources */ = {isa = PBXBuildFile; fileRef = E87F643C2B9F050B00B66D14 /* CardData.swift */; };
		E87F643F2B9F0C7C00B66D14 /* Sounds in Resources */ = {isa = PBXBuildFile; fileRef = E87F643E2B9F0C7C00B66D14 /* Sounds */; };
		E87F64412B9F0CA700B66D14 /* PlaySound.swift in Sources */ = {isa = PBXBuildFile; fileRef = E87F64402B9F0CA700B66D14 /* PlaySound.swift */; };
		E87F64472BA017FD00B66D14 /* Stickers.xcassets in Resources */ = {isa = PBXBuildFile; fileRef = E87F64462BA017FD00B66D14 /* Stickers.xcassets */; };
		E87F644B2BA017FD00B66D14 /* stickers.appex in Embed Foundation Extensions */ = {isa = PBXBuildFile; fileRef = E87F64442BA017FB00B66D14 /* stickers.appex */; settings = {ATTRIBUTES = (RemoveHeadersOnCopy, ); }; };
/* End PBXBuildFile section */

/* Begin PBXContainerItemProxy section */
		E87F64492BA017FD00B66D14 /* PBXContainerItemProxy */ = {
			isa = PBXContainerItemProxy;
			containerPortal = E87F641C2B9EF1B700B66D14 /* Project object */;
			proxyType = 1;
			remoteGlobalIDString = E87F64432BA017FB00B66D14;
			remoteInfo = stickers;
		};
/* End PBXContainerItemProxy section */

/* Begin PBXCopyFilesBuildPhase section */
		E87F644F2BA017FD00B66D14 /* Embed Foundation Extensions */ = {
			isa = PBXCopyFilesBuildPhase;
			buildActionMask = 2147483647;
			dstPath = "";
			dstSubfolderSpec = 13;
			files = (
				E87F644B2BA017FD00B66D14 /* stickers.appex in Embed Foundation Extensions */,
			);
			name = "Embed Foundation Extensions";
			runOnlyForDeploymentPostprocessing = 0;
		};
/* End PBXCopyFilesBuildPhase section */

/* Begin PBXFileReference section */
		E87F64242B9EF1B700B66D14 /* Learn by Doing.app */ = {isa = PBXFileReference; explicitFileType = wrapper.application; includeInIndex = 0; path = "Learn by Doing.app"; sourceTree = BUILT_PRODUCTS_DIR; };
		E87F64272B9EF1B700B66D14 /* Learn_by_DoingApp.swift */ = {isa = PBXFileReference; lastKnownFileType = sourcecode.swift; path = Learn_by_DoingApp.swift; sourceTree = "<group>"; };
		E87F64292B9EF1B700B66D14 /* ContentView.swift */ = {isa = PBXFileReference; lastKnownFileType = sourcecode.swift; path = ContentView.swift; sourceTree = "<group>"; };
		E87F642B2B9EF1B900B66D14 /* Assets.xcassets */ = {isa = PBXFileReference; lastKnownFileType = folder.assetcatalog; path = Assets.xcassets; sourceTree = "<group>"; };
		E87F642E2B9EF1B900B66D14 /* Preview Assets.xcassets */ = {isa = PBXFileReference; lastKnownFileType = folder.assetcatalog; path = "Preview Assets.xcassets"; sourceTree = "<group>"; };
		E87F64352B9EF8AB00B66D14 /* Launch-Screen.storyboard */ = {isa = PBXFileReference; lastKnownFileType = file.storyboard; path = "Launch-Screen.storyboard"; sourceTree = "<group>"; };
		E87F64382B9EFD2B00B66D14 /* CardView.swift */ = {isa = PBXFileReference; lastKnownFileType = sourcecode.swift; path = CardView.swift; sourceTree = "<group>"; };
		E87F643A2B9F045A00B66D14 /* CardModel.swift */ = {isa = PBXFileReference; lastKnownFileType = sourcecode.swift; path = CardModel.swift; sourceTree = "<group>"; };
		E87F643C2B9F050B00B66D14 /* CardData.swift */ = {isa = PBXFileReference; lastKnownFileType = sourcecode.swift; path = CardData.swift; sourceTree = "<group>"; };
		E87F643E2B9F0C7C00B66D14 /* Sounds */ = {isa = PBXFileReference; lastKnownFileType = folder; path = Sounds; sourceTree = "<group>"; };
		E87F64402B9F0CA700B66D14 /* PlaySound.swift */ = {isa = PBXFileReference; lastKnownFileType = sourcecode.swift; path = PlaySound.swift; sourceTree = "<group>"; };
		E87F64442BA017FB00B66D14 /* stickers.appex */ = {isa = PBXFileReference; explicitFileType = "wrapper.app-extension"; includeInIndex = 0; path = stickers.appex; sourceTree = BUILT_PRODUCTS_DIR; };
		E87F64462BA017FD00B66D14 /* Stickers.xcassets */ = {isa = PBXFileReference; lastKnownFileType = folder.assetcatalog; path = Stickers.xcassets; sourceTree = "<group>"; };
		E87F64482BA017FD00B66D14 /* Info.plist */ = {isa = PBXFileReference; lastKnownFileType = text.plist.xml; path = Info.plist; sourceTree = "<group>"; };
/* End PBXFileReference section */

/* Begin PBXFrameworksBuildPhase section */
		E87F64212B9EF1B700B66D14 /* Frameworks */ = {
			isa = PBXFrameworksBuildPhase;
			buildActionMask = 2147483647;
			files = (
			);
			runOnlyForDeploymentPostprocessing = 0;
		};
/* End PBXFrameworksBuildPhase section */

/* Begin PBXGroup section */
		E87F641B2B9EF1B700B66D14 = {
			isa = PBXGroup;
			children = (
				E87F64262B9EF1B700B66D14 /* Learn by Doing */,
				E87F64452BA017FB00B66D14 /* stickers */,
				E87F64252B9EF1B700B66D14 /* Products */,
			);
			sourceTree = "<group>";
		};
		E87F64252B9EF1B700B66D14 /* Products */ = {
			isa = PBXGroup;
			children = (
				E87F64242B9EF1B700B66D14 /* Learn by Doing.app */,
				E87F64442BA017FB00B66D14 /* stickers.appex */,
			);
			name = Products;
			sourceTree = "<group>";
		};
		E87F64262B9EF1B700B66D14 /* Learn by Doing */ = {
			isa = PBXGroup;
			children = (
				E87F643E2B9F0C7C00B66D14 /* Sounds */,
				E87F64272B9EF1B700B66D14 /* Learn_by_DoingApp.swift */,
				E87F64292B9EF1B700B66D14 /* ContentView.swift */,
				E87F64382B9EFD2B00B66D14 /* CardView.swift */,
				E87F643A2B9F045A00B66D14 /* CardModel.swift */,
				E87F643C2B9F050B00B66D14 /* CardData.swift */,
				E87F64402B9F0CA700B66D14 /* PlaySound.swift */,
				E87F642B2B9EF1B900B66D14 /* Assets.xcassets */,
				E87F64352B9EF8AB00B66D14 /* Launch-Screen.storyboard */,
				E87F642D2B9EF1B900B66D14 /* Preview Content */,
			);
			path = "Learn by Doing";
			sourceTree = "<group>";
		};
		E87F642D2B9EF1B900B66D14 /* Preview Content */ = {
			isa = PBXGroup;
			children = (
				E87F642E2B9EF1B900B66D14 /* Preview Assets.xcassets */,
			);
			path = "Preview Content";
			sourceTree = "<group>";
		};
		E87F64452BA017FB00B66D14 /* stickers */ = {
			isa = PBXGroup;
			children = (
				E87F64462BA017FD00B66D14 /* Stickers.xcassets */,
				E87F64482BA017FD00B66D14 /* Info.plist */,
			);
			path = stickers;
			sourceTree = "<group>";
		};
/* End PBXGroup section */

/* Begin PBXNativeTarget section */
		E87F64232B9EF1B700B66D14 /* Learn by Doing */ = {
			isa = PBXNativeTarget;
			buildConfigurationList = E87F64322B9EF1B900B66D14 /* Build configuration list for PBXNativeTarget "Learn by Doing" */;
			buildPhases = (
				E87F64202B9EF1B700B66D14 /* Sources */,
				E87F64212B9EF1B700B66D14 /* Frameworks */,
				E87F64222B9EF1B700B66D14 /* Resources */,
				E87F644F2BA017FD00B66D14 /* Embed Foundation Extensions */,
			);
			buildRules = (
			);
			dependencies = (
				E87F644A2BA017FD00B66D14 /* PBXTargetDependency */,
			);
			name = "Learn by Doing";
			productName = "Learn by Doing";
			productReference = E87F64242B9EF1B700B66D14 /* Learn by Doing.app */;
			productType = "com.apple.product-type.application";
		};
		E87F64432BA017FB00B66D14 /* stickers */ = {
			isa = PBXNativeTarget;
			buildConfigurationList = E87F644C2BA017FD00B66D14 /* Build configuration list for PBXNativeTarget "stickers" */;
			buildPhases = (
				E87F64422BA017FB00B66D14 /* Resources */,
			);
			buildRules = (
			);
			dependencies = (
			);
			name = stickers;
			productName = stickers;
			productReference = E87F64442BA017FB00B66D14 /* stickers.appex */;
			productType = "com.apple.product-type.app-extension.messages-sticker-pack";
		};
/* End PBXNativeTarget section */

/* Begin PBXProject section */
		E87F641C2B9EF1B700B66D14 /* Project object */ = {
			isa = PBXProject;
			attributes = {
				BuildIndependentTargetsInParallel = 1;
				LastSwiftUpdateCheck = 1420;
				LastUpgradeCheck = 1420;
				TargetAttributes = {
					E87F64232B9EF1B700B66D14 = {
						CreatedOnToolsVersion = 14.2;
					};
					E87F64432BA017FB00B66D14 = {
						CreatedOnToolsVersion = 14.2;
					};
				};
			};
			buildConfigurationList = E87F641F2B9EF1B700B66D14 /* Build configuration list for PBXProject "Learn by Doing" */;
			compatibilityVersion = "Xcode 14.0";
			developmentRegion = en;
			hasScannedForEncodings = 0;
			knownRegions = (
				en,
				Base,
			);
			mainGroup = E87F641B2B9EF1B700B66D14;
			productRefGroup = E87F64252B9EF1B700B66D14 /* Products */;
			projectDirPath = "";
			projectRoot = "";
			targets = (
				E87F64232B9EF1B700B66D14 /* Learn by Doing */,
				E87F64432BA017FB00B66D14 /* stickers */,
			);
		};
/* End PBXProject section */

/* Begin PBXResourcesBuildPhase section */
		E87F64222B9EF1B700B66D14 /* Resources */ = {
			isa = PBXResourcesBuildPhase;
			buildActionMask = 2147483647;
			files = (
				E87F64362B9EF8AB00B66D14 /* Launch-Screen.storyboard in Resources */,
				E87F642F2B9EF1B900B66D14 /* Preview Assets.xcassets in Resources */,
				E87F643F2B9F0C7C00B66D14 /* Sounds in Resources */,
				E87F642C2B9EF1B900B66D14 /* Assets.xcassets in Resources */,
			);
			runOnlyForDeploymentPostprocessing = 0;
		};
		E87F64422BA017FB00B66D14 /* Resources */ = {
			isa = PBXResourcesBuildPhase;
			buildActionMask = 2147483647;
			files = (
				E87F64472BA017FD00B66D14 /* Stickers.xcassets in Resources */,
			);
			runOnlyForDeploymentPostprocessing = 0;
		};
/* End PBXResourcesBuildPhase section */

/* Begin PBXSourcesBuildPhase section */
		E87F64202B9EF1B700B66D14 /* Sources */ = {
			isa = PBXSourcesBuildPhase;
			buildActionMask = 2147483647;
			files = (
				E87F643D2B9F050B00B66D14 /* CardData.swift in Sources */,
				E87F64412B9F0CA700B66D14 /* PlaySound.swift in Sources */,
				E87F642A2B9EF1B700B66D14 /* ContentView.swift in Sources */,
				E87F643B2B9F045A00B66D14 /* CardModel.swift in Sources */,
				E87F64392B9EFD2B00B66D14 /* CardView.swift in Sources */,
				E87F64282B9EF1B700B66D14 /* Learn_by_DoingApp.swift in Sources */,
			);
			runOnlyForDeploymentPostprocessing = 0;
		};
/* End PBXSourcesBuildPhase section */

/* Begin PBXTargetDependency section */
		E87F644A2BA017FD00B66D14 /* PBXTargetDependency */ = {
			isa = PBXTargetDependency;
			target = E87F64432BA017FB00B66D14 /* stickers */;
			targetProxy = E87F64492BA017FD00B66D14 /* PBXContainerItemProxy */;
		};
/* End PBXTargetDependency section */

/* Begin XCBuildConfiguration section */
		E87F64302B9EF1B900B66D14 /* Debug */ = {
			isa = XCBuildConfiguration;
			buildSettings = {
				ALWAYS_SEARCH_USER_PATHS = NO;
				CLANG_ANALYZER_NONNULL = YES;
				CLANG_ANALYZER_NUMBER_OBJECT_CONVERSION = YES_AGGRESSIVE;
				CLANG_CXX_LANGUAGE_STANDARD = "gnu++20";
				CLANG_ENABLE_MODULES = YES;
				CLANG_ENABLE_OBJC_ARC = YES;
				CLANG_ENABLE_OBJC_WEAK = YES;
				CLANG_WARN_BLOCK_CAPTURE_AUTORELEASING = YES;
				CLANG_WARN_BOOL_CONVERSION = YES;
				CLANG_WARN_COMMA = YES;
				CLANG_WARN_CONSTANT_CONVERSION = YES;
				CLANG_WARN_DEPRECATED_OBJC_IMPLEMENTATIONS = YES;
				CLANG_WARN_DIRECT_OBJC_ISA_USAGE = YES_ERROR;
				CLANG_WARN_DOCUMENTATION_COMMENTS = YES;
				CLANG_WARN_EMPTY_BODY = YES;
				CLANG_WARN_ENUM_CONVERSION = YES;
				CLANG_WARN_INFINITE_RECURSION = YES;
				CLANG_WARN_INT_CONVERSION = YES;
				CLANG_WARN_NON_LITERAL_NULL_CONVERSION = YES;
				CLANG_WARN_OBJC_IMPLICIT_RETAIN_SELF = YES;
				CLANG_WARN_OBJC_LITERAL_CONVERSION = YES;
				CLANG_WARN_OBJC_ROOT_CLASS = YES_ERROR;
				CLANG_WARN_QUOTED_INCLUDE_IN_FRAMEWORK_HEADER = YES;
				CLANG_WARN_RANGE_LOOP_ANALYSIS = YES;
				CLANG_WARN_STRICT_PROTOTYPES = YES;
				CLANG_WARN_SUSPICIOUS_MOVE = YES;
				CLANG_WARN_UNGUARDED_AVAILABILITY = YES_AGGRESSIVE;
				CLANG_WARN_UNREACHABLE_CODE = YES;
				CLANG_WARN__DUPLICATE_METHOD_MATCH = YES;
				COPY_PHASE_STRIP = NO;
				DEBUG_INFORMATION_FORMAT = dwarf;
				ENABLE_STRICT_OBJC_MSGSEND = YES;
				ENABLE_TESTABILITY = YES;
				GCC_C_LANGUAGE_STANDARD = gnu11;
				GCC_DYNAMIC_NO_PIC = NO;
				GCC_NO_COMMON_BLOCKS = YES;
				GCC_OPTIMIZATION_LEVEL = 0;
				GCC_PREPROCESSOR_DEFINITIONS = (
					"DEBUG=1",
					"$(inherited)",
				);
				GCC_WARN_64_TO_32_BIT_CONVERSION = YES;
				GCC_WARN_ABOUT_RETURN_TYPE = YES_ERROR;
				GCC_WARN_UNDECLARED_SELECTOR = YES;
				GCC_WARN_UNINITIALIZED_AUTOS = YES_AGGRESSIVE;
				GCC_WARN_UNUSED_FUNCTION = YES;
				GCC_WARN_UNUSED_VARIABLE = YES;
				IPHONEOS_DEPLOYMENT_TARGET = 16.2;
				MTL_ENABLE_DEBUG_INFO = INCLUDE_SOURCE;
				MTL_FAST_MATH = YES;
				ONLY_ACTIVE_ARCH = YES;
				SDKROOT = iphoneos;
				SWIFT_ACTIVE_COMPILATION_CONDITIONS = DEBUG;
				SWIFT_OPTIMIZATION_LEVEL = "-Onone";
			};
			name = Debug;
		};
		E87F64312B9EF1B900B66D14 /* Release */ = {
			isa = XCBuildConfiguration;
			buildSettings = {
				ALWAYS_SEARCH_USER_PATHS = NO;
				CLANG_ANALYZER_NONNULL = YES;
				CLANG_ANALYZER_NUMBER_OBJECT_CONVERSION = YES_AGGRESSIVE;
				CLANG_CXX_LANGUAGE_STANDARD = "gnu++20";
				CLANG_ENABLE_MODULES = YES;
				CLANG_ENABLE_OBJC_ARC = YES;
				CLANG_ENABLE_OBJC_WEAK = YES;
				CLANG_WARN_BLOCK_CAPTURE_AUTORELEASING = YES;
				CLANG_WARN_BOOL_CONVERSION = YES;
				CLANG_WARN_COMMA = YES;
				CLANG_WARN_CONSTANT_CONVERSION = YES;
				CLANG_WARN_DEPRECATED_OBJC_IMPLEMENTATIONS = YES;
				CLANG_WARN_DIRECT_OBJC_ISA_USAGE = YES_ERROR;
				CLANG_WARN_DOCUMENTATION_COMMENTS = YES;
				CLANG_WARN_EMPTY_BODY = YES;
				CLANG_WARN_ENUM_CONVERSION = YES;
				CLANG_WARN_INFINITE_RECURSION = YES;
				CLANG_WARN_INT_CONVERSION = YES;
				CLANG_WARN_NON_LITERAL_NULL_CONVERSION = YES;
				CLANG_WARN_OBJC_IMPLICIT_RETAIN_SELF = YES;
				CLANG_WARN_OBJC_LITERAL_CONVERSION = YES;
				CLANG_WARN_OBJC_ROOT_CLASS = YES_ERROR;
				CLANG_WARN_QUOTED_INCLUDE_IN_FRAMEWORK_HEADER = YES;
				CLANG_WARN_RANGE_LOOP_ANALYSIS = YES;
				CLANG_WARN_STRICT_PROTOTYPES = YES;
				CLANG_WARN_SUSPICIOUS_MOVE = YES;
				CLANG_WARN_UNGUARDED_AVAILABILITY = YES_AGGRESSIVE;
				CLANG_WARN_UNREACHABLE_CODE = YES;
				CLANG_WARN__DUPLICATE_METHOD_MATCH = YES;
				COPY_PHASE_STRIP = NO;
				DEBUG_INFORMATION_FORMAT = "dwarf-with-dsym";
				ENABLE_NS_ASSERTIONS = NO;
				ENABLE_STRICT_OBJC_MSGSEND = YES;
				GCC_C_LANGUAGE_STANDARD = gnu11;
				GCC_NO_COMMON_BLOCKS = YES;
				GCC_WARN_64_TO_32_BIT_CONVERSION = YES;
				GCC_WARN_ABOUT_RETURN_TYPE = YES_ERROR;
				GCC_WARN_UNDECLARED_SELECTOR = YES;
				GCC_WARN_UNINITIALIZED_AUTOS = YES_AGGRESSIVE;
				GCC_WARN_UNUSED_FUNCTION = YES;
				GCC_WARN_UNUSED_VARIABLE = YES;
				IPHONEOS_DEPLOYMENT_TARGET = 16.2;
				MTL_ENABLE_DEBUG_INFO = NO;
				MTL_FAST_MATH = YES;
				SDKROOT = iphoneos;
				SWIFT_COMPILATION_MODE = wholemodule;
				SWIFT_OPTIMIZATION_LEVEL = "-O";
				VALIDATE_PRODUCT = YES;
			};
			name = Release;
		};
		E87F64332B9EF1B900B66D14 /* Debug */ = {
			isa = XCBuildConfiguration;
			buildSettings = {
				ASSETCATALOG_COMPILER_APPICON_NAME = AppIcon;
				ASSETCATALOG_COMPILER_GLOBAL_ACCENT_COLOR_NAME = AccentColor;
				ASSETCATALOG_COMPILER_INCLUDE_ALL_APPICON_ASSETS = YES;
				CODE_SIGN_STYLE = Automatic;
				CURRENT_PROJECT_VERSION = 1;
				DEVELOPMENT_ASSET_PATHS = "\"Learn by Doing/Preview Content\"";
				DEVELOPMENT_TEAM = 52YSN62MCL;
				ENABLE_PREVIEWS = YES;
				GENERATE_INFOPLIST_FILE = YES;
				INFOPLIST_FILE = "Learn-by-Doing-Info.plist";
				INFOPLIST_KEY_UIApplicationSceneManifest_Generation = YES;
				INFOPLIST_KEY_UIApplicationSupportsIndirectInputEvents = YES;
				INFOPLIST_KEY_UILaunchScreen_Generation = YES;
				INFOPLIST_KEY_UILaunchStoryboardName = "Launch-Screen.storyboard";
				INFOPLIST_KEY_UISupportedInterfaceOrientations = UIInterfaceOrientationPortrait;
				INFOPLIST_KEY_UISupportedInterfaceOrientations_iPad = "UIInterfaceOrientationLandscapeLeft UIInterfaceOrientationLandscapeRight UIInterfaceOrientationPortrait UIInterfaceOrientationPortraitUpsideDown";
				LD_RUNPATH_SEARCH_PATHS = (
					"$(inherited)",
					"@executable_path/Frameworks",
				);
				MARKETING_VERSION = 1.0;
				PRODUCT_BUNDLE_IDENTIFIER = "com.GGDol.Learn-by-Doing";
				PRODUCT_NAME = "$(TARGET_NAME)";
				SWIFT_EMIT_LOC_STRINGS = YES;
				SWIFT_VERSION = 5.0;
				TARGETED_DEVICE_FAMILY = "1,2";
			};
			name = Debug;
		};
		E87F64342B9EF1B900B66D14 /* Release */ = {
			isa = XCBuildConfiguration;
			buildSettings = {
				ASSETCATALOG_COMPILER_APPICON_NAME = AppIcon;
				ASSETCATALOG_COMPILER_GLOBAL_ACCENT_COLOR_NAME = AccentColor;
				ASSETCATALOG_COMPILER_INCLUDE_ALL_APPICON_ASSETS = YES;
				CODE_SIGN_STYLE = Automatic;
				CURRENT_PROJECT_VERSION = 1;
				DEVELOPMENT_ASSET_PATHS = "\"Learn by Doing/Preview Content\"";
				DEVELOPMENT_TEAM = 52YSN62MCL;
				ENABLE_PREVIEWS = YES;
				GENERATE_INFOPLIST_FILE = YES;
				INFOPLIST_FILE = "Learn-by-Doing-Info.plist";
				INFOPLIST_KEY_UIApplicationSceneManifest_Generation = YES;
				INFOPLIST_KEY_UIApplicationSupportsIndirectInputEvents = YES;
				INFOPLIST_KEY_UILaunchScreen_Generation = YES;
				INFOPLIST_KEY_UILaunchStoryboardName = "Launch-Screen.storyboard";
				INFOPLIST_KEY_UISupportedInterfaceOrientations = UIInterfaceOrientationPortrait;
				INFOPLIST_KEY_UISupportedInterfaceOrientations_iPad = "UIInterfaceOrientationLandscapeLeft UIInterfaceOrientationLandscapeRight UIInterfaceOrientationPortrait UIInterfaceOrientationPortraitUpsideDown";
				LD_RUNPATH_SEARCH_PATHS = (
					"$(inherited)",
					"@executable_path/Frameworks",
				);
				MARKETING_VERSION = 1.0;
				PRODUCT_BUNDLE_IDENTIFIER = "com.GGDol.Learn-by-Doing";
				PRODUCT_NAME = "$(TARGET_NAME)";
				SWIFT_EMIT_LOC_STRINGS = YES;
				SWIFT_VERSION = 5.0;
				TARGETED_DEVICE_FAMILY = "1,2";
			};
			name = Release;
		};
		E87F644D2BA017FD00B66D14 /* Debug */ = {
			isa = XCBuildConfiguration;
			buildSettings = {
				ASSETCATALOG_COMPILER_APPICON_NAME = "iMessage App Icon";
				CODE_SIGN_STYLE = Automatic;
				CURRENT_PROJECT_VERSION = 1;
				DEVELOPMENT_TEAM = 52YSN62MCL;
				GENERATE_INFOPLIST_FILE = YES;
				INFOPLIST_FILE = stickers/Info.plist;
				INFOPLIST_KEY_CFBundleDisplayName = "Learn by Doing";
				MARKETING_VERSION = 1.0;
				PRODUCT_BUNDLE_IDENTIFIER = "com.GGDol.Learn-by-Doing.stickers";
				PRODUCT_NAME = "$(TARGET_NAME)";
				SKIP_INSTALL = YES;
				SWIFT_EMIT_LOC_STRINGS = YES;
				TARGETED_DEVICE_FAMILY = "1,2";
			};
			name = Debug;
		};
		E87F644E2BA017FD00B66D14 /* Release */ = {
			isa = XCBuildConfiguration;
			buildSettings = {
				ASSETCATALOG_COMPILER_APPICON_NAME = "iMessage App Icon";
				CODE_SIGN_STYLE = Automatic;
				CURRENT_PROJECT_VERSION = 1;
				DEVELOPMENT_TEAM = 52YSN62MCL;
				GENERATE_INFOPLIST_FILE = YES;
				INFOPLIST_FILE = stickers/Info.plist;
				INFOPLIST_KEY_CFBundleDisplayName = "Learn by Doing";
				MARKETING_VERSION = 1.0;
				PRODUCT_BUNDLE_IDENTIFIER = "com.GGDol.Learn-by-Doing.stickers";
				PRODUCT_NAME = "$(TARGET_NAME)";
				SKIP_INSTALL = YES;
				SWIFT_EMIT_LOC_STRINGS = YES;
				TARGETED_DEVICE_FAMILY = "1,2";
			};
			name = Release;
		};
/* End XCBuildConfiguration section */

/* Begin XCConfigurationList section */
		E87F641F2B9EF1B700B66D14 /* Build configuration list for PBXProject "Learn by Doing" */ = {
			isa = XCConfigurationList;
			buildConfigurations = (
				E87F64302B9EF1B900B66D14 /* Debug */,
				E87F64312B9EF1B900B66D14 /* Release */,
			);
			defaultConfigurationIsVisible = 0;
			defaultConfigurationName = Release;
		};
		E87F64322B9EF1B900B66D14 /* Build configuration list for PBXNativeTarget "Learn by Doing" */ = {
			isa = XCConfigurationList;
			buildConfigurations = (
				E87F64332B9EF1B900B66D14 /* Debug */,
				E87F64342B9EF1B900B66D14 /* Release */,
			);
			defaultConfigurationIsVisible = 0;
			defaultConfigurationName = Release;
		};
		E87F644C2BA017FD00B66D14 /* Build configuration list for PBXNativeTarget "stickers" */ = {
			isa = XCConfigurationList;
			buildConfigurations = (
				E87F644D2BA017FD00B66D14 /* Debug */,
				E87F644E2BA017FD00B66D14 /* Release */,
			);
			defaultConfigurationIsVisible = 0;
			defaultConfigurationName = Release;
		};
/* End XCConfigurationList section */
	};
	rootObject = E87F641C2B9EF1B700B66D14 /* Project object */;
}
